				
Microsoft Visual Studio Solution File, Format Version 12.00
Project("{2150E333-8FDC-42A3-9474-1A3956D46DE8}") = "Tests", "Tests", "{7E9DCA1A-5313-48FD-9EC1-CDA61E0E090F}"
EndProject
Project("{2150E333-8FDC-42A3-9474-1A3956D46DE8}") = "Scripts", "Scripts", "{FEA411CC-43CC-4E18-A7AA-4E2994C858CE}"
	ProjectSection(SolutionItems) = preProject
		Scripts\Build.cake = Scripts\Build.cake
	EndProjectSection
EndProject
Project("{2150E333-8FDC-42A3-9474-1A3956D46DE8}") = "Components", "Components", "{11CE781F-0862-4A0B-BB2D-F4289DB70BE8}"
EndProject
Project("{FAE04EC0-301F-11D3-BF4B-00C04F79EFBC}") = "Tiveriad.Repositories", "Components\Tiveriad.Repositories\Tiveriad.Repositories.csproj", "{5FA9F754-A10A-4DCE-8C6A-DB372D36AE0B}"
EndProject
Project("{FAE04EC0-301F-11D3-BF4B-00C04F79EFBC}") = "Tiveriad.Repositories.EntityFrameworkCore", "Components\Tiveriad.Repositories.EntityFrameworkCore\Tiveriad.Repositories.EntityFrameworkCore.csproj", "{961EA412-43C8-4C0E-9BD8-5C987ED0A2B3}"
EndProject
Project("{FAE04EC0-301F-11D3-BF4B-00C04F79EFBC}") = "Tiveriad.Repositories.InMemory", "Components\Tiveriad.Repositories.InMemory\Tiveriad.Repositories.InMemory.csproj", "{A922A1AF-03ED-4091-BE3B-6D35F30F34B2}"
EndProject
Project("{FAE04EC0-301F-11D3-BF4B-00C04F79EFBC}") = "Tiveriad.Repositories.EntityFrameworkCore.Tests", "Tests\Tiveriad.Repositories.EntityFrameworkCore.Tests\Tiveriad.Repositories.EntityFrameworkCore.Tests.csproj", "{29838E64-3377-4DE1-B702-8B251F9D4EB2}"
EndProject
Project("{FAE04EC0-301F-11D3-BF4B-00C04F79EFBC}") = "Tiveriad.Commons.Tests", "Tests\Tiveriad.Commons.Tests\Tiveriad.Commons.Tests.csproj", "{A9B1547F-7B91-45F9-BD83-A3234053B0D9}"
EndProject
Project("{FAE04EC0-301F-11D3-BF4B-00C04F79EFBC}") = "Tiveriad.IdGenerators", "Components\Tiveriad.IdGenerators\Tiveriad.IdGenerators.csproj", "{48263A72-76BF-4D85-AA21-1C892DF1D77E}"
EndProject
Project("{FAE04EC0-301F-11D3-BF4B-00C04F79EFBC}") = "Tiveriad.IdGenerator.Tests", "Tests\Tiveriad.IdGenerator.Tests\Tiveriad.IdGenerator.Tests.csproj", "{20414C57-C228-413E-A59A-50C1585AB945}"
EndProject
Project("{FAE04EC0-301F-11D3-BF4B-00C04F79EFBC}") = "Tiveriad.Commons", "Components\Tiveriad.Commons\Tiveriad.Commons.csproj", "{711A628B-2FF0-44E4-A08B-C18527B53D30}"
EndProject
Project("{FAE04EC0-301F-11D3-BF4B-00C04F79EFBC}") = "Tiveriad.Cqrs", "Components\Tiveriad.Cqrs\Tiveriad.Cqrs.csproj", "{2CFEEF9A-0C5D-428F-8264-D2E1F4365033}"
EndProject
Project("{FAE04EC0-301F-11D3-BF4B-00C04F79EFBC}") = "Tiveriad.Repositories.Tests", "Tests\Tiveriad.Repositories.Tests\Tiveriad.Repositories.Tests.csproj", "{C45C2834-9662-4217-8218-BAE5B84F7F7B}"
EndProject
Project("{FAE04EC0-301F-11D3-BF4B-00C04F79EFBC}") = "Tiveriad.Cqrs.Microsoft.DependencyInjection", "Components\Tiveriad.Cqrs.Microsoft.DependencyInjection\Tiveriad.Cqrs.Microsoft.DependencyInjection.csproj", "{1C4D36C1-7440-46B2-88E8-DEE148D64816}"
EndProject
Project("{FAE04EC0-301F-11D3-BF4B-00C04F79EFBC}") = "Tiveriad.UnitTests", "Components\Tiveriad.UnitTests\Tiveriad.UnitTests.csproj", "{CADF73EE-AAC9-40E0-8F33-A11BFF64E5AB}"
EndProject
Project("{FAE04EC0-301F-11D3-BF4B-00C04F79EFBC}") = "Tiveriad.Pipelines", "Components\Tiveriad.Pipelines\Tiveriad.Pipelines.csproj", "{56E33F9C-AFAE-46D5-9511-ADE5377946B9}"
EndProject
Project("{FAE04EC0-301F-11D3-BF4B-00C04F79EFBC}") = "Tiveriad.EnterpriseIntegrationPatterns.Tests", "Tests\Tiveriad.EnterpriseIntegrationPatterns.Tests\Tiveriad.EnterpriseIntegrationPatterns.Tests.csproj", "{05F404B4-23C4-45FF-8FD4-1C897CA2B7C1}"
EndProject
Project("{FAE04EC0-301F-11D3-BF4B-00C04F79EFBC}") = "Tiveriad.TextTemplating", "Components\Tiveriad.TextTemplating\Tiveriad.TextTemplating.csproj", "{7B827381-DB4B-4C18-A12E-8F0B2ACDAA60}"
EndProject
Project("{FAE04EC0-301F-11D3-BF4B-00C04F79EFBC}") = "Tiveriad.TextTemplating.Scriban", "Components\Tiveriad.TextTemplating.Scriban\Tiveriad.TextTemplating.Scriban.csproj", "{8160EA9C-F48C-4B06-B11A-3A4550431AE3}"
EndProject
Project("{FAE04EC0-301F-11D3-BF4B-00C04F79EFBC}") = "Tiveriad.TextTemplating.Scriban.Tests", "Tests\Tiveriad.TextTemplating.Scriban.Tests\Tiveriad.TextTemplating.Scriban.Tests.csproj", "{F109B596-E6EA-4E6E-B64F-680A26858C9F}"
EndProject
Project("{FAE04EC0-301F-11D3-BF4B-00C04F79EFBC}") = "Tiveriad.EnterpriseIntegrationPatterns.DependencyInjection", "Components\Tiveriad.EnterpriseIntegrationPatterns.DependencyInjection\Tiveriad.EnterpriseIntegrationPatterns.DependencyInjection.csproj", "{A6BBA398-FAE4-4F00-B3E8-606E16B19EAA}"
EndProject
Project("{2150E333-8FDC-42A3-9474-1A3956D46DE8}") = "Tools", "Tools", "{31252D1D-D184-46FF-88FF-92B9AAA2499A}"
EndProject
Project("{FAE04EC0-301F-11D3-BF4B-00C04F79EFBC}") = "Tiveriad.Repositories.MongoDb", "Components\Tiveriad.Repositories.MongoDb\Tiveriad.Repositories.MongoDb.csproj", "{1407F845-1E13-4039-BCA3-140915C94CEC}"
EndProject
Project("{FAE04EC0-301F-11D3-BF4B-00C04F79EFBC}") = "Tiveriad.Repositories.MongoDb.Tests", "Tests\Tiveriad.Repositories.MongoDb.Tests\Tiveriad.Repositories.MongoDb.Tests.csproj", "{E0CC0A42-9BD8-4C87-8740-F96AFFDF9803}"
EndProject
Project("{FAE04EC0-301F-11D3-BF4B-00C04F79EFBC}") = "Tiveriad.Repositories.Microsoft.DependencyInjection", "Components\Tiveriad.Repositories.Microsoft.DependencyInjection\Tiveriad.Repositories.Microsoft.DependencyInjection.csproj", "{EEBB2B14-8862-47E6-8D7A-E3EE39B07891}"
EndProject
Project("{2150E333-8FDC-42A3-9474-1A3956D46DE8}") = "Apis", "Apis", "{C3686C01-8BC7-4061-B5CB-0E5BC9AD3D7F}"
EndProject
Project("{FAE04EC0-301F-11D3-BF4B-00C04F79EFBC}") = "Tiveriad.Keycloak", "Apis\Tiveriad.Keycloak\Tiveriad.Keycloak.csproj", "{42B54D98-0D99-4C19-A93D-CE351756A92C}"
EndProject
Project("{FAE04EC0-301F-11D3-BF4B-00C04F79EFBC}") = "Tiveriad.Repositories.NHibernate", "Components\Tiveriad.Repositories.NHibernate\Tiveriad.Repositories.NHibernate.csproj", "{067CA3F1-5CD7-491E-A4A8-B38E55A2E06C}"
EndProject
Project("{FAE04EC0-301F-11D3-BF4B-00C04F79EFBC}") = "Tiveriad.EnterpriseIntegrationPatterns.RabbitMq", "Components\Tiveriad.EnterpriseIntegrationPatterns.RabbitMq\Tiveriad.EnterpriseIntegrationPatterns.RabbitMq.csproj", "{9B8E2628-9200-461A-BFD2-FA65E9B60FE3}"
EndProject
Project("{FAE04EC0-301F-11D3-BF4B-00C04F79EFBC}") = "Tiveriad.Connections", "Components\Tiveriad.Connections\Tiveriad.Connections.csproj", "{97C2D9FF-9ED3-4661-9735-E5419D04347A}"
EndProject
Project("{FAE04EC0-301F-11D3-BF4B-00C04F79EFBC}") = "Tiveriad.EnterpriseIntegrationPatterns", "Components\Tiveriad.EnterpriseIntegrationPatterns\Tiveriad.EnterpriseIntegrationPatterns.csproj", "{616B0253-D964-41EC-8F4C-06D6278844DB}"
EndProject
Project("{FAE04EC0-301F-11D3-BF4B-00C04F79EFBC}") = "Tiveriad.EnterpriseIntegrationPatterns.RabbitMq.Tests", "Tests\Tiveriad.EnterpriseIntegrationPatterns.RabbitMq.Tests\Tiveriad.EnterpriseIntegrationPatterns.RabbitMq.Tests.csproj", "{5A90F932-0FB1-44EE-976B-D63004C48BAF}"
EndProject
Project("{FAE04EC0-301F-11D3-BF4B-00C04F79EFBC}") = "Tiveriad.Workflows", "Components\Tiveriad.Workflows\Tiveriad.Workflows.csproj", "{0A8091C9-6728-495C-8EF1-AAF89E52DBAB}"
EndProject
Project("{FAE04EC0-301F-11D3-BF4B-00C04F79EFBC}") = "Tiveriad.Workflows.Tests", "Tests\Tiveriad.Workflows.Tests\Tiveriad.Workflows.Tests.csproj", "{BAD19687-CACF-4A0F-B558-D51CA4116C2B}"
EndProject
Project("{FAE04EC0-301F-11D3-BF4B-00C04F79EFBC}") = "Tiveriad.Workflows.DependencyInjection", "Components\Tiveriad.Workflows.DependencyInjection\Tiveriad.Workflows.DependencyInjection.csproj", "{62E8C6C5-543F-46C4-B514-84BBA2CC1A6B}"
EndProject
Project("{FAE04EC0-301F-11D3-BF4B-00C04F79EFBC}") = "Tiveriad.Workflows.Persistence", "Components\Tiveriad.Workflows.Persistence\Tiveriad.Workflows.Persistence.csproj", "{A4F9C5F4-43BF-4271-9815-D11B1D5BBC32}"
EndProject
Project("{FAE04EC0-301F-11D3-BF4B-00C04F79EFBC}") = "Tiveriad.Workflows.Core", "Components\Tiveriad.Workflows.Core\Tiveriad.Workflows.Core.csproj", "{96DB5099-0499-4237-8D6E-2068796CFB89}"
EndProject
Project("{FAE04EC0-301F-11D3-BF4B-00C04F79EFBC}") = "Tiveriad.Apis", "Components\Tiveriad.Apis\Tiveriad.Apis.csproj", "{0FDC61FF-477A-4E30-A222-46CC31B48939}"
EndProject
Project("{FAE04EC0-301F-11D3-BF4B-00C04F79EFBC}") = "Tiveriad.ServiceResolvers", "Components\Tiveriad.ServiceResolvers\Tiveriad.ServiceResolvers.csproj", "{D6AEB178-DB09-49B3-B76E-2C753ED55BD6}"
EndProject
Project("{FAE04EC0-301F-11D3-BF4B-00C04F79EFBC}") = "Tiveriad.Keycloak.Tests", "Tests\Tiveriad.Keycloak.Tests\Tiveriad.Keycloak.Tests.csproj", "{D9D64F62-4CFE-4F40-893F-9A792BB60D51}"
EndProject
Project("{2150E333-8FDC-42A3-9474-1A3956D46DE8}") = "Integrations", "Integrations", "{B21186BB-5879-4951-9A3F-7E15D4986D75}"
EndProject
Project("{FAE04EC0-301F-11D3-BF4B-00C04F79EFBC}") = "DataReference.Integration", "Integrations\DataReference.Integration\DataReference.Integration.csproj", "{F562804B-CAFC-49F3-9B05-4F6273401881}"
EndProject
Project("{FAE04EC0-301F-11D3-BF4B-00C04F79EFBC}") = "Tiveriad.Cache", "Components\Tiveriad.Cache\Tiveriad.Cache.csproj", "{C4EE3500-7D0A-4B2E-B895-6DDB952AAD87}"
EndProject
Project("{FAE04EC0-301F-11D3-BF4B-00C04F79EFBC}") = "Tiveriad.Cache.Tests", "Tests\Tiveriad.Cache.Tests\Tiveriad.Cache.Tests.csproj", "{109E77D3-EC59-4254-9977-0388AFE40566}"
EndProject
Project("{2150E333-8FDC-42A3-9474-1A3956D46DE8}") = "Libraries", "Libraries", "{64EC9BA5-2D37-4E64-9BBE-5B5E71C50015}"
EndProject
Project("{FAE04EC0-301F-11D3-BF4B-00C04F79EFBC}") = "Tiveriad.DataReferences", "Libraries\Tiveriad.DataReferences\Tiveriad.DataReferences.csproj", "{2ACD47EA-FB78-4D9F-A806-2A440CA521E5}"
EndProject
Project("{FAE04EC0-301F-11D3-BF4B-00C04F79EFBC}") = "Tiveriad.DataReferences.Microsoft.DependencyInjection", "Libraries\Tiveriad.DataReferences.Microsoft.DependencyInjection\Tiveriad.DataReferences.Microsoft.DependencyInjection.csproj", "{B8B24F9E-50B4-40DD-AEE2-1CCB76CA9D22}"
EndProject
Project("{FAE04EC0-301F-11D3-BF4B-00C04F79EFBC}") = "Tiveriad.Identities", "Libraries\Tiveriad.Identities\Tiveriad.Identities.csproj", "{EC53666A-5F9E-4FA5-8214-61D82236DBF9}"
EndProject
Project("{FAE04EC0-301F-11D3-BF4B-00C04F79EFBC}") = "Tiveriad.Integration", "Integrations\Tiveriad.Integration\Tiveriad.Integration.csproj", "{078DA13A-9FE2-42BC-ADB8-91355C65077E}"
EndProject
Project("{FAE04EC0-301F-11D3-BF4B-00C04F79EFBC}") = "Tiveriad.ServiceResolvers.Microsoft.DependencyInjection", "Components\Tiveriad.ServiceResolvers.Microsoft.DependencyInjection\Tiveriad.ServiceResolvers.Microsoft.DependencyInjection.csproj", "{1464121C-91DF-4ABF-83A6-145A1FDB6B88}"
EndProject
Project("{FAE04EC0-301F-11D3-BF4B-00C04F79EFBC}") = "Tiveriad.Documents", "Libraries\Tiveriad.Documents\Tiveriad.Documents.csproj", "{A5FF364A-AE13-45F3-886F-7FC4F75FF454}"
EndProject
Project("{FAE04EC0-301F-11D3-BF4B-00C04F79EFBC}") = "Tiveriad.Documents.Providers.LocalDrive", "Libraries\Tiveriad.Documents.Providers.LocalDrive\Tiveriad.Documents.Providers.LocalDrive.csproj", "{D0D59F71-A075-43EA-8BCD-D3D326B9910A}"
EndProject
Project("{FAE04EC0-301F-11D3-BF4B-00C04F79EFBC}") = "Tiveriad.Documents.Providers.S3", "Libraries\Tiveriad.Documents.Providers.S3\Tiveriad.Documents.Providers.S3.csproj", "{0298F819-E081-440D-BC48-FF5F80568816}"
EndProject
Project("{FAE04EC0-301F-11D3-BF4B-00C04F79EFBC}") = "Tiveriad.Core.Abstractions", "Components\Tiveriad.Core.Abstractions\Tiveriad.Core.Abstractions.csproj", "{95257185-7A6D-48E5-B032-2044914B8DA2}"
EndProject
Project("{FAE04EC0-301F-11D3-BF4B-00C04F79EFBC}") = "Tiveriad.Notifications", "Libraries\Tiveriad.Notifications\Tiveriad.Notifications.csproj", "{4335923F-C966-4E25-8DF0-B6A9A5B60A30}"
EndProject
Project("{FAE04EC0-301F-11D3-BF4B-00C04F79EFBC}") = "Tiveriad.Integration.Tests", "Tests\Tiveriad.Integration.Tests\Tiveriad.Integration.Tests.csproj", "{FCC29449-16DE-46FD-9EB4-EB6744522C3A}"
EndProject
Global
	GlobalSection(SolutionConfigurationPlatforms) = preSolution
		Debug|Any CPU = Debug|Any CPU
		Release|Any CPU = Release|Any CPU
	EndGlobalSection
	GlobalSection(ProjectConfigurationPlatforms) = postSolution
		{5FA9F754-A10A-4DCE-8C6A-DB372D36AE0B}.Debug|Any CPU.ActiveCfg = Debug|Any CPU
		{5FA9F754-A10A-4DCE-8C6A-DB372D36AE0B}.Debug|Any CPU.Build.0 = Debug|Any CPU
		{5FA9F754-A10A-4DCE-8C6A-DB372D36AE0B}.Release|Any CPU.ActiveCfg = Release|Any CPU
		{5FA9F754-A10A-4DCE-8C6A-DB372D36AE0B}.Release|Any CPU.Build.0 = Release|Any CPU
		{961EA412-43C8-4C0E-9BD8-5C987ED0A2B3}.Debug|Any CPU.ActiveCfg = Debug|Any CPU
		{961EA412-43C8-4C0E-9BD8-5C987ED0A2B3}.Debug|Any CPU.Build.0 = Debug|Any CPU
		{961EA412-43C8-4C0E-9BD8-5C987ED0A2B3}.Release|Any CPU.ActiveCfg = Release|Any CPU
		{961EA412-43C8-4C0E-9BD8-5C987ED0A2B3}.Release|Any CPU.Build.0 = Release|Any CPU
		{A922A1AF-03ED-4091-BE3B-6D35F30F34B2}.Debug|Any CPU.ActiveCfg = Debug|Any CPU
		{A922A1AF-03ED-4091-BE3B-6D35F30F34B2}.Debug|Any CPU.Build.0 = Debug|Any CPU
		{A922A1AF-03ED-4091-BE3B-6D35F30F34B2}.Release|Any CPU.ActiveCfg = Release|Any CPU
		{A922A1AF-03ED-4091-BE3B-6D35F30F34B2}.Release|Any CPU.Build.0 = Release|Any CPU
		{29838E64-3377-4DE1-B702-8B251F9D4EB2}.Debug|Any CPU.ActiveCfg = Debug|Any CPU
		{29838E64-3377-4DE1-B702-8B251F9D4EB2}.Debug|Any CPU.Build.0 = Debug|Any CPU
		{29838E64-3377-4DE1-B702-8B251F9D4EB2}.Release|Any CPU.ActiveCfg = Release|Any CPU
		{29838E64-3377-4DE1-B702-8B251F9D4EB2}.Release|Any CPU.Build.0 = Release|Any CPU
		{A9B1547F-7B91-45F9-BD83-A3234053B0D9}.Debug|Any CPU.ActiveCfg = Debug|Any CPU
		{A9B1547F-7B91-45F9-BD83-A3234053B0D9}.Debug|Any CPU.Build.0 = Debug|Any CPU
		{A9B1547F-7B91-45F9-BD83-A3234053B0D9}.Release|Any CPU.ActiveCfg = Release|Any CPU
		{A9B1547F-7B91-45F9-BD83-A3234053B0D9}.Release|Any CPU.Build.0 = Release|Any CPU
		{48263A72-76BF-4D85-AA21-1C892DF1D77E}.Debug|Any CPU.ActiveCfg = Debug|Any CPU
		{48263A72-76BF-4D85-AA21-1C892DF1D77E}.Debug|Any CPU.Build.0 = Debug|Any CPU
		{48263A72-76BF-4D85-AA21-1C892DF1D77E}.Release|Any CPU.ActiveCfg = Release|Any CPU
		{48263A72-76BF-4D85-AA21-1C892DF1D77E}.Release|Any CPU.Build.0 = Release|Any CPU
		{20414C57-C228-413E-A59A-50C1585AB945}.Debug|Any CPU.ActiveCfg = Debug|Any CPU
		{20414C57-C228-413E-A59A-50C1585AB945}.Debug|Any CPU.Build.0 = Debug|Any CPU
		{20414C57-C228-413E-A59A-50C1585AB945}.Release|Any CPU.ActiveCfg = Release|Any CPU
		{20414C57-C228-413E-A59A-50C1585AB945}.Release|Any CPU.Build.0 = Release|Any CPU
		{711A628B-2FF0-44E4-A08B-C18527B53D30}.Debug|Any CPU.ActiveCfg = Debug|Any CPU
		{711A628B-2FF0-44E4-A08B-C18527B53D30}.Debug|Any CPU.Build.0 = Debug|Any CPU
		{711A628B-2FF0-44E4-A08B-C18527B53D30}.Release|Any CPU.ActiveCfg = Release|Any CPU
		{711A628B-2FF0-44E4-A08B-C18527B53D30}.Release|Any CPU.Build.0 = Release|Any CPU
		{2CFEEF9A-0C5D-428F-8264-D2E1F4365033}.Debug|Any CPU.ActiveCfg = Debug|Any CPU
		{2CFEEF9A-0C5D-428F-8264-D2E1F4365033}.Debug|Any CPU.Build.0 = Debug|Any CPU
		{2CFEEF9A-0C5D-428F-8264-D2E1F4365033}.Release|Any CPU.ActiveCfg = Release|Any CPU
		{2CFEEF9A-0C5D-428F-8264-D2E1F4365033}.Release|Any CPU.Build.0 = Release|Any CPU
		{C45C2834-9662-4217-8218-BAE5B84F7F7B}.Debug|Any CPU.ActiveCfg = Debug|Any CPU
		{C45C2834-9662-4217-8218-BAE5B84F7F7B}.Debug|Any CPU.Build.0 = Debug|Any CPU
		{C45C2834-9662-4217-8218-BAE5B84F7F7B}.Release|Any CPU.ActiveCfg = Release|Any CPU
		{C45C2834-9662-4217-8218-BAE5B84F7F7B}.Release|Any CPU.Build.0 = Release|Any CPU
		{1C4D36C1-7440-46B2-88E8-DEE148D64816}.Debug|Any CPU.ActiveCfg = Debug|Any CPU
		{1C4D36C1-7440-46B2-88E8-DEE148D64816}.Debug|Any CPU.Build.0 = Debug|Any CPU
		{1C4D36C1-7440-46B2-88E8-DEE148D64816}.Release|Any CPU.ActiveCfg = Release|Any CPU
		{1C4D36C1-7440-46B2-88E8-DEE148D64816}.Release|Any CPU.Build.0 = Release|Any CPU
		{CADF73EE-AAC9-40E0-8F33-A11BFF64E5AB}.Debug|Any CPU.ActiveCfg = Debug|Any CPU
		{CADF73EE-AAC9-40E0-8F33-A11BFF64E5AB}.Debug|Any CPU.Build.0 = Debug|Any CPU
		{CADF73EE-AAC9-40E0-8F33-A11BFF64E5AB}.Release|Any CPU.ActiveCfg = Release|Any CPU
		{CADF73EE-AAC9-40E0-8F33-A11BFF64E5AB}.Release|Any CPU.Build.0 = Release|Any CPU
		{56E33F9C-AFAE-46D5-9511-ADE5377946B9}.Debug|Any CPU.ActiveCfg = Debug|Any CPU
		{56E33F9C-AFAE-46D5-9511-ADE5377946B9}.Debug|Any CPU.Build.0 = Debug|Any CPU
		{56E33F9C-AFAE-46D5-9511-ADE5377946B9}.Release|Any CPU.ActiveCfg = Release|Any CPU
		{56E33F9C-AFAE-46D5-9511-ADE5377946B9}.Release|Any CPU.Build.0 = Release|Any CPU
		{05F404B4-23C4-45FF-8FD4-1C897CA2B7C1}.Debug|Any CPU.ActiveCfg = Debug|Any CPU
		{05F404B4-23C4-45FF-8FD4-1C897CA2B7C1}.Debug|Any CPU.Build.0 = Debug|Any CPU
		{05F404B4-23C4-45FF-8FD4-1C897CA2B7C1}.Release|Any CPU.ActiveCfg = Release|Any CPU
		{05F404B4-23C4-45FF-8FD4-1C897CA2B7C1}.Release|Any CPU.Build.0 = Release|Any CPU
		{7B827381-DB4B-4C18-A12E-8F0B2ACDAA60}.Debug|Any CPU.ActiveCfg = Debug|Any CPU
		{7B827381-DB4B-4C18-A12E-8F0B2ACDAA60}.Debug|Any CPU.Build.0 = Debug|Any CPU
		{7B827381-DB4B-4C18-A12E-8F0B2ACDAA60}.Release|Any CPU.ActiveCfg = Release|Any CPU
		{7B827381-DB4B-4C18-A12E-8F0B2ACDAA60}.Release|Any CPU.Build.0 = Release|Any CPU
		{8160EA9C-F48C-4B06-B11A-3A4550431AE3}.Debug|Any CPU.ActiveCfg = Debug|Any CPU
		{8160EA9C-F48C-4B06-B11A-3A4550431AE3}.Debug|Any CPU.Build.0 = Debug|Any CPU
		{8160EA9C-F48C-4B06-B11A-3A4550431AE3}.Release|Any CPU.ActiveCfg = Release|Any CPU
		{8160EA9C-F48C-4B06-B11A-3A4550431AE3}.Release|Any CPU.Build.0 = Release|Any CPU
		{F109B596-E6EA-4E6E-B64F-680A26858C9F}.Debug|Any CPU.ActiveCfg = Debug|Any CPU
		{F109B596-E6EA-4E6E-B64F-680A26858C9F}.Debug|Any CPU.Build.0 = Debug|Any CPU
		{F109B596-E6EA-4E6E-B64F-680A26858C9F}.Release|Any CPU.ActiveCfg = Release|Any CPU
		{F109B596-E6EA-4E6E-B64F-680A26858C9F}.Release|Any CPU.Build.0 = Release|Any CPU
		{A6BBA398-FAE4-4F00-B3E8-606E16B19EAA}.Debug|Any CPU.ActiveCfg = Debug|Any CPU
		{A6BBA398-FAE4-4F00-B3E8-606E16B19EAA}.Debug|Any CPU.Build.0 = Debug|Any CPU
		{A6BBA398-FAE4-4F00-B3E8-606E16B19EAA}.Release|Any CPU.ActiveCfg = Release|Any CPU
		{A6BBA398-FAE4-4F00-B3E8-606E16B19EAA}.Release|Any CPU.Build.0 = Release|Any CPU
		{1407F845-1E13-4039-BCA3-140915C94CEC}.Debug|Any CPU.ActiveCfg = Debug|Any CPU
		{1407F845-1E13-4039-BCA3-140915C94CEC}.Debug|Any CPU.Build.0 = Debug|Any CPU
		{1407F845-1E13-4039-BCA3-140915C94CEC}.Release|Any CPU.ActiveCfg = Release|Any CPU
		{1407F845-1E13-4039-BCA3-140915C94CEC}.Release|Any CPU.Build.0 = Release|Any CPU
		{E0CC0A42-9BD8-4C87-8740-F96AFFDF9803}.Debug|Any CPU.ActiveCfg = Debug|Any CPU
		{E0CC0A42-9BD8-4C87-8740-F96AFFDF9803}.Debug|Any CPU.Build.0 = Debug|Any CPU
		{E0CC0A42-9BD8-4C87-8740-F96AFFDF9803}.Release|Any CPU.ActiveCfg = Release|Any CPU
		{E0CC0A42-9BD8-4C87-8740-F96AFFDF9803}.Release|Any CPU.Build.0 = Release|Any CPU
		{EEBB2B14-8862-47E6-8D7A-E3EE39B07891}.Debug|Any CPU.ActiveCfg = Debug|Any CPU
		{EEBB2B14-8862-47E6-8D7A-E3EE39B07891}.Debug|Any CPU.Build.0 = Debug|Any CPU
		{EEBB2B14-8862-47E6-8D7A-E3EE39B07891}.Release|Any CPU.ActiveCfg = Release|Any CPU
		{EEBB2B14-8862-47E6-8D7A-E3EE39B07891}.Release|Any CPU.Build.0 = Release|Any CPU
		{42B54D98-0D99-4C19-A93D-CE351756A92C}.Debug|Any CPU.ActiveCfg = Debug|Any CPU
		{42B54D98-0D99-4C19-A93D-CE351756A92C}.Debug|Any CPU.Build.0 = Debug|Any CPU
		{42B54D98-0D99-4C19-A93D-CE351756A92C}.Release|Any CPU.ActiveCfg = Release|Any CPU
		{42B54D98-0D99-4C19-A93D-CE351756A92C}.Release|Any CPU.Build.0 = Release|Any CPU
		{067CA3F1-5CD7-491E-A4A8-B38E55A2E06C}.Debug|Any CPU.ActiveCfg = Debug|Any CPU
		{067CA3F1-5CD7-491E-A4A8-B38E55A2E06C}.Debug|Any CPU.Build.0 = Debug|Any CPU
		{067CA3F1-5CD7-491E-A4A8-B38E55A2E06C}.Release|Any CPU.ActiveCfg = Release|Any CPU
		{067CA3F1-5CD7-491E-A4A8-B38E55A2E06C}.Release|Any CPU.Build.0 = Release|Any CPU
		{9B8E2628-9200-461A-BFD2-FA65E9B60FE3}.Debug|Any CPU.ActiveCfg = Debug|Any CPU
		{9B8E2628-9200-461A-BFD2-FA65E9B60FE3}.Debug|Any CPU.Build.0 = Debug|Any CPU
		{9B8E2628-9200-461A-BFD2-FA65E9B60FE3}.Release|Any CPU.ActiveCfg = Release|Any CPU
		{9B8E2628-9200-461A-BFD2-FA65E9B60FE3}.Release|Any CPU.Build.0 = Release|Any CPU
		{97C2D9FF-9ED3-4661-9735-E5419D04347A}.Debug|Any CPU.ActiveCfg = Debug|Any CPU
		{97C2D9FF-9ED3-4661-9735-E5419D04347A}.Debug|Any CPU.Build.0 = Debug|Any CPU
		{97C2D9FF-9ED3-4661-9735-E5419D04347A}.Release|Any CPU.ActiveCfg = Release|Any CPU
		{97C2D9FF-9ED3-4661-9735-E5419D04347A}.Release|Any CPU.Build.0 = Release|Any CPU
		{616B0253-D964-41EC-8F4C-06D6278844DB}.Debug|Any CPU.ActiveCfg = Debug|Any CPU
		{616B0253-D964-41EC-8F4C-06D6278844DB}.Debug|Any CPU.Build.0 = Debug|Any CPU
		{616B0253-D964-41EC-8F4C-06D6278844DB}.Release|Any CPU.ActiveCfg = Release|Any CPU
		{616B0253-D964-41EC-8F4C-06D6278844DB}.Release|Any CPU.Build.0 = Release|Any CPU
		{5A90F932-0FB1-44EE-976B-D63004C48BAF}.Debug|Any CPU.ActiveCfg = Debug|Any CPU
		{5A90F932-0FB1-44EE-976B-D63004C48BAF}.Debug|Any CPU.Build.0 = Debug|Any CPU
		{5A90F932-0FB1-44EE-976B-D63004C48BAF}.Release|Any CPU.ActiveCfg = Release|Any CPU
		{5A90F932-0FB1-44EE-976B-D63004C48BAF}.Release|Any CPU.Build.0 = Release|Any CPU
		{0A8091C9-6728-495C-8EF1-AAF89E52DBAB}.Debug|Any CPU.ActiveCfg = Debug|Any CPU
		{0A8091C9-6728-495C-8EF1-AAF89E52DBAB}.Debug|Any CPU.Build.0 = Debug|Any CPU
		{0A8091C9-6728-495C-8EF1-AAF89E52DBAB}.Release|Any CPU.ActiveCfg = Release|Any CPU
		{0A8091C9-6728-495C-8EF1-AAF89E52DBAB}.Release|Any CPU.Build.0 = Release|Any CPU
		{BAD19687-CACF-4A0F-B558-D51CA4116C2B}.Debug|Any CPU.ActiveCfg = Debug|Any CPU
		{BAD19687-CACF-4A0F-B558-D51CA4116C2B}.Debug|Any CPU.Build.0 = Debug|Any CPU
		{BAD19687-CACF-4A0F-B558-D51CA4116C2B}.Release|Any CPU.ActiveCfg = Release|Any CPU
		{BAD19687-CACF-4A0F-B558-D51CA4116C2B}.Release|Any CPU.Build.0 = Release|Any CPU
		{62E8C6C5-543F-46C4-B514-84BBA2CC1A6B}.Debug|Any CPU.ActiveCfg = Debug|Any CPU
		{62E8C6C5-543F-46C4-B514-84BBA2CC1A6B}.Debug|Any CPU.Build.0 = Debug|Any CPU
		{62E8C6C5-543F-46C4-B514-84BBA2CC1A6B}.Release|Any CPU.ActiveCfg = Release|Any CPU
		{62E8C6C5-543F-46C4-B514-84BBA2CC1A6B}.Release|Any CPU.Build.0 = Release|Any CPU
		{A4F9C5F4-43BF-4271-9815-D11B1D5BBC32}.Debug|Any CPU.ActiveCfg = Debug|Any CPU
		{A4F9C5F4-43BF-4271-9815-D11B1D5BBC32}.Debug|Any CPU.Build.0 = Debug|Any CPU
		{A4F9C5F4-43BF-4271-9815-D11B1D5BBC32}.Release|Any CPU.ActiveCfg = Release|Any CPU
		{A4F9C5F4-43BF-4271-9815-D11B1D5BBC32}.Release|Any CPU.Build.0 = Release|Any CPU
		{96DB5099-0499-4237-8D6E-2068796CFB89}.Debug|Any CPU.ActiveCfg = Debug|Any CPU
		{96DB5099-0499-4237-8D6E-2068796CFB89}.Debug|Any CPU.Build.0 = Debug|Any CPU
		{96DB5099-0499-4237-8D6E-2068796CFB89}.Release|Any CPU.ActiveCfg = Release|Any CPU
		{96DB5099-0499-4237-8D6E-2068796CFB89}.Release|Any CPU.Build.0 = Release|Any CPU
		{0FDC61FF-477A-4E30-A222-46CC31B48939}.Debug|Any CPU.ActiveCfg = Debug|Any CPU
		{0FDC61FF-477A-4E30-A222-46CC31B48939}.Debug|Any CPU.Build.0 = Debug|Any CPU
		{0FDC61FF-477A-4E30-A222-46CC31B48939}.Release|Any CPU.ActiveCfg = Release|Any CPU
		{0FDC61FF-477A-4E30-A222-46CC31B48939}.Release|Any CPU.Build.0 = Release|Any CPU
		{D6AEB178-DB09-49B3-B76E-2C753ED55BD6}.Debug|Any CPU.ActiveCfg = Debug|Any CPU
		{D6AEB178-DB09-49B3-B76E-2C753ED55BD6}.Debug|Any CPU.Build.0 = Debug|Any CPU
		{D6AEB178-DB09-49B3-B76E-2C753ED55BD6}.Release|Any CPU.ActiveCfg = Release|Any CPU
		{D6AEB178-DB09-49B3-B76E-2C753ED55BD6}.Release|Any CPU.Build.0 = Release|Any CPU
		{D9D64F62-4CFE-4F40-893F-9A792BB60D51}.Debug|Any CPU.ActiveCfg = Debug|Any CPU
		{D9D64F62-4CFE-4F40-893F-9A792BB60D51}.Debug|Any CPU.Build.0 = Debug|Any CPU
		{D9D64F62-4CFE-4F40-893F-9A792BB60D51}.Release|Any CPU.ActiveCfg = Release|Any CPU
		{D9D64F62-4CFE-4F40-893F-9A792BB60D51}.Release|Any CPU.Build.0 = Release|Any CPU
		{F562804B-CAFC-49F3-9B05-4F6273401881}.Debug|Any CPU.ActiveCfg = Debug|Any CPU
		{F562804B-CAFC-49F3-9B05-4F6273401881}.Debug|Any CPU.Build.0 = Debug|Any CPU
		{F562804B-CAFC-49F3-9B05-4F6273401881}.Release|Any CPU.ActiveCfg = Release|Any CPU
		{F562804B-CAFC-49F3-9B05-4F6273401881}.Release|Any CPU.Build.0 = Release|Any CPU
		{C4EE3500-7D0A-4B2E-B895-6DDB952AAD87}.Debug|Any CPU.ActiveCfg = Debug|Any CPU
		{C4EE3500-7D0A-4B2E-B895-6DDB952AAD87}.Debug|Any CPU.Build.0 = Debug|Any CPU
		{C4EE3500-7D0A-4B2E-B895-6DDB952AAD87}.Release|Any CPU.ActiveCfg = Release|Any CPU
		{C4EE3500-7D0A-4B2E-B895-6DDB952AAD87}.Release|Any CPU.Build.0 = Release|Any CPU
		{109E77D3-EC59-4254-9977-0388AFE40566}.Debug|Any CPU.ActiveCfg = Debug|Any CPU
		{109E77D3-EC59-4254-9977-0388AFE40566}.Debug|Any CPU.Build.0 = Debug|Any CPU
		{109E77D3-EC59-4254-9977-0388AFE40566}.Release|Any CPU.ActiveCfg = Release|Any CPU
		{109E77D3-EC59-4254-9977-0388AFE40566}.Release|Any CPU.Build.0 = Release|Any CPU
		{2ACD47EA-FB78-4D9F-A806-2A440CA521E5}.Debug|Any CPU.ActiveCfg = Debug|Any CPU
		{2ACD47EA-FB78-4D9F-A806-2A440CA521E5}.Debug|Any CPU.Build.0 = Debug|Any CPU
		{2ACD47EA-FB78-4D9F-A806-2A440CA521E5}.Release|Any CPU.ActiveCfg = Release|Any CPU
		{2ACD47EA-FB78-4D9F-A806-2A440CA521E5}.Release|Any CPU.Build.0 = Release|Any CPU
		{B8B24F9E-50B4-40DD-AEE2-1CCB76CA9D22}.Debug|Any CPU.ActiveCfg = Debug|Any CPU
		{B8B24F9E-50B4-40DD-AEE2-1CCB76CA9D22}.Debug|Any CPU.Build.0 = Debug|Any CPU
		{B8B24F9E-50B4-40DD-AEE2-1CCB76CA9D22}.Release|Any CPU.ActiveCfg = Release|Any CPU
		{B8B24F9E-50B4-40DD-AEE2-1CCB76CA9D22}.Release|Any CPU.Build.0 = Release|Any CPU
		{EC53666A-5F9E-4FA5-8214-61D82236DBF9}.Debug|Any CPU.ActiveCfg = Debug|Any CPU
		{EC53666A-5F9E-4FA5-8214-61D82236DBF9}.Debug|Any CPU.Build.0 = Debug|Any CPU
		{EC53666A-5F9E-4FA5-8214-61D82236DBF9}.Release|Any CPU.ActiveCfg = Release|Any CPU
		{EC53666A-5F9E-4FA5-8214-61D82236DBF9}.Release|Any CPU.Build.0 = Release|Any CPU
		{078DA13A-9FE2-42BC-ADB8-91355C65077E}.Debug|Any CPU.ActiveCfg = Debug|Any CPU
		{078DA13A-9FE2-42BC-ADB8-91355C65077E}.Debug|Any CPU.Build.0 = Debug|Any CPU
		{078DA13A-9FE2-42BC-ADB8-91355C65077E}.Release|Any CPU.ActiveCfg = Release|Any CPU
		{078DA13A-9FE2-42BC-ADB8-91355C65077E}.Release|Any CPU.Build.0 = Release|Any CPU
		{1464121C-91DF-4ABF-83A6-145A1FDB6B88}.Debug|Any CPU.ActiveCfg = Debug|Any CPU
		{1464121C-91DF-4ABF-83A6-145A1FDB6B88}.Debug|Any CPU.Build.0 = Debug|Any CPU
		{1464121C-91DF-4ABF-83A6-145A1FDB6B88}.Release|Any CPU.ActiveCfg = Release|Any CPU
		{1464121C-91DF-4ABF-83A6-145A1FDB6B88}.Release|Any CPU.Build.0 = Release|Any CPU
		{A5FF364A-AE13-45F3-886F-7FC4F75FF454}.Debug|Any CPU.ActiveCfg = Debug|Any CPU
		{A5FF364A-AE13-45F3-886F-7FC4F75FF454}.Debug|Any CPU.Build.0 = Debug|Any CPU
		{A5FF364A-AE13-45F3-886F-7FC4F75FF454}.Release|Any CPU.ActiveCfg = Release|Any CPU
		{A5FF364A-AE13-45F3-886F-7FC4F75FF454}.Release|Any CPU.Build.0 = Release|Any CPU
		{D0D59F71-A075-43EA-8BCD-D3D326B9910A}.Debug|Any CPU.ActiveCfg = Debug|Any CPU
		{D0D59F71-A075-43EA-8BCD-D3D326B9910A}.Debug|Any CPU.Build.0 = Debug|Any CPU
		{D0D59F71-A075-43EA-8BCD-D3D326B9910A}.Release|Any CPU.ActiveCfg = Release|Any CPU
		{D0D59F71-A075-43EA-8BCD-D3D326B9910A}.Release|Any CPU.Build.0 = Release|Any CPU
		{0298F819-E081-440D-BC48-FF5F80568816}.Debug|Any CPU.ActiveCfg = Debug|Any CPU
		{0298F819-E081-440D-BC48-FF5F80568816}.Debug|Any CPU.Build.0 = Debug|Any CPU
		{0298F819-E081-440D-BC48-FF5F80568816}.Release|Any CPU.ActiveCfg = Release|Any CPU
		{0298F819-E081-440D-BC48-FF5F80568816}.Release|Any CPU.Build.0 = Release|Any CPU
		{95257185-7A6D-48E5-B032-2044914B8DA2}.Debug|Any CPU.ActiveCfg = Debug|Any CPU
		{95257185-7A6D-48E5-B032-2044914B8DA2}.Debug|Any CPU.Build.0 = Debug|Any CPU
		{95257185-7A6D-48E5-B032-2044914B8DA2}.Release|Any CPU.ActiveCfg = Release|Any CPU
		{95257185-7A6D-48E5-B032-2044914B8DA2}.Release|Any CPU.Build.0 = Release|Any CPU
		{4335923F-C966-4E25-8DF0-B6A9A5B60A30}.Debug|Any CPU.ActiveCfg = Debug|Any CPU
		{4335923F-C966-4E25-8DF0-B6A9A5B60A30}.Debug|Any CPU.Build.0 = Debug|Any CPU
		{4335923F-C966-4E25-8DF0-B6A9A5B60A30}.Release|Any CPU.ActiveCfg = Release|Any CPU
		{4335923F-C966-4E25-8DF0-B6A9A5B60A30}.Release|Any CPU.Build.0 = Release|Any CPU
		{FCC29449-16DE-46FD-9EB4-EB6744522C3A}.Debug|Any CPU.ActiveCfg = Debug|Any CPU
		{FCC29449-16DE-46FD-9EB4-EB6744522C3A}.Debug|Any CPU.Build.0 = Debug|Any CPU
		{FCC29449-16DE-46FD-9EB4-EB6744522C3A}.Release|Any CPU.ActiveCfg = Release|Any CPU
		{FCC29449-16DE-46FD-9EB4-EB6744522C3A}.Release|Any CPU.Build.0 = Release|Any CPU
	EndGlobalSection
	GlobalSection(NestedProjects) = preSolution
		{5FA9F754-A10A-4DCE-8C6A-DB372D36AE0B} = {11CE781F-0862-4A0B-BB2D-F4289DB70BE8}
		{961EA412-43C8-4C0E-9BD8-5C987ED0A2B3} = {11CE781F-0862-4A0B-BB2D-F4289DB70BE8}
		{A922A1AF-03ED-4091-BE3B-6D35F30F34B2} = {11CE781F-0862-4A0B-BB2D-F4289DB70BE8}
		{29838E64-3377-4DE1-B702-8B251F9D4EB2} = {7E9DCA1A-5313-48FD-9EC1-CDA61E0E090F}
		{A9B1547F-7B91-45F9-BD83-A3234053B0D9} = {7E9DCA1A-5313-48FD-9EC1-CDA61E0E090F}
		{48263A72-76BF-4D85-AA21-1C892DF1D77E} = {11CE781F-0862-4A0B-BB2D-F4289DB70BE8}
		{20414C57-C228-413E-A59A-50C1585AB945} = {7E9DCA1A-5313-48FD-9EC1-CDA61E0E090F}
		{711A628B-2FF0-44E4-A08B-C18527B53D30} = {11CE781F-0862-4A0B-BB2D-F4289DB70BE8}
		{2CFEEF9A-0C5D-428F-8264-D2E1F4365033} = {11CE781F-0862-4A0B-BB2D-F4289DB70BE8}
		{C45C2834-9662-4217-8218-BAE5B84F7F7B} = {7E9DCA1A-5313-48FD-9EC1-CDA61E0E090F}
		{1C4D36C1-7440-46B2-88E8-DEE148D64816} = {11CE781F-0862-4A0B-BB2D-F4289DB70BE8}
		{CADF73EE-AAC9-40E0-8F33-A11BFF64E5AB} = {11CE781F-0862-4A0B-BB2D-F4289DB70BE8}
		{56E33F9C-AFAE-46D5-9511-ADE5377946B9} = {11CE781F-0862-4A0B-BB2D-F4289DB70BE8}
		{05F404B4-23C4-45FF-8FD4-1C897CA2B7C1} = {7E9DCA1A-5313-48FD-9EC1-CDA61E0E090F}
		{7B827381-DB4B-4C18-A12E-8F0B2ACDAA60} = {11CE781F-0862-4A0B-BB2D-F4289DB70BE8}
		{8160EA9C-F48C-4B06-B11A-3A4550431AE3} = {11CE781F-0862-4A0B-BB2D-F4289DB70BE8}
		{F109B596-E6EA-4E6E-B64F-680A26858C9F} = {7E9DCA1A-5313-48FD-9EC1-CDA61E0E090F}
		{A6BBA398-FAE4-4F00-B3E8-606E16B19EAA} = {11CE781F-0862-4A0B-BB2D-F4289DB70BE8}
		{1407F845-1E13-4039-BCA3-140915C94CEC} = {11CE781F-0862-4A0B-BB2D-F4289DB70BE8}
		{E0CC0A42-9BD8-4C87-8740-F96AFFDF9803} = {7E9DCA1A-5313-48FD-9EC1-CDA61E0E090F}
		{EEBB2B14-8862-47E6-8D7A-E3EE39B07891} = {11CE781F-0862-4A0B-BB2D-F4289DB70BE8}
		{42B54D98-0D99-4C19-A93D-CE351756A92C} = {C3686C01-8BC7-4061-B5CB-0E5BC9AD3D7F}
		{067CA3F1-5CD7-491E-A4A8-B38E55A2E06C} = {11CE781F-0862-4A0B-BB2D-F4289DB70BE8}
		{9B8E2628-9200-461A-BFD2-FA65E9B60FE3} = {11CE781F-0862-4A0B-BB2D-F4289DB70BE8}
		{97C2D9FF-9ED3-4661-9735-E5419D04347A} = {11CE781F-0862-4A0B-BB2D-F4289DB70BE8}
		{616B0253-D964-41EC-8F4C-06D6278844DB} = {11CE781F-0862-4A0B-BB2D-F4289DB70BE8}
		{5A90F932-0FB1-44EE-976B-D63004C48BAF} = {7E9DCA1A-5313-48FD-9EC1-CDA61E0E090F}
		{0A8091C9-6728-495C-8EF1-AAF89E52DBAB} = {11CE781F-0862-4A0B-BB2D-F4289DB70BE8}
		{BAD19687-CACF-4A0F-B558-D51CA4116C2B} = {7E9DCA1A-5313-48FD-9EC1-CDA61E0E090F}
		{62E8C6C5-543F-46C4-B514-84BBA2CC1A6B} = {11CE781F-0862-4A0B-BB2D-F4289DB70BE8}
		{A4F9C5F4-43BF-4271-9815-D11B1D5BBC32} = {11CE781F-0862-4A0B-BB2D-F4289DB70BE8}
		{96DB5099-0499-4237-8D6E-2068796CFB89} = {11CE781F-0862-4A0B-BB2D-F4289DB70BE8}
		{0FDC61FF-477A-4E30-A222-46CC31B48939} = {11CE781F-0862-4A0B-BB2D-F4289DB70BE8}
		{D6AEB178-DB09-49B3-B76E-2C753ED55BD6} = {11CE781F-0862-4A0B-BB2D-F4289DB70BE8}
		{D9D64F62-4CFE-4F40-893F-9A792BB60D51} = {7E9DCA1A-5313-48FD-9EC1-CDA61E0E090F}
		{F562804B-CAFC-49F3-9B05-4F6273401881} = {B21186BB-5879-4951-9A3F-7E15D4986D75}
		{C4EE3500-7D0A-4B2E-B895-6DDB952AAD87} = {11CE781F-0862-4A0B-BB2D-F4289DB70BE8}
		{109E77D3-EC59-4254-9977-0388AFE40566} = {7E9DCA1A-5313-48FD-9EC1-CDA61E0E090F}
		{2ACD47EA-FB78-4D9F-A806-2A440CA521E5} = {64EC9BA5-2D37-4E64-9BBE-5B5E71C50015}
		{B8B24F9E-50B4-40DD-AEE2-1CCB76CA9D22} = {64EC9BA5-2D37-4E64-9BBE-5B5E71C50015}
		{EC53666A-5F9E-4FA5-8214-61D82236DBF9} = {64EC9BA5-2D37-4E64-9BBE-5B5E71C50015}
		{078DA13A-9FE2-42BC-ADB8-91355C65077E} = {B21186BB-5879-4951-9A3F-7E15D4986D75}
		{1464121C-91DF-4ABF-83A6-145A1FDB6B88} = {11CE781F-0862-4A0B-BB2D-F4289DB70BE8}
		{A5FF364A-AE13-45F3-886F-7FC4F75FF454} = {64EC9BA5-2D37-4E64-9BBE-5B5E71C50015}
		{D0D59F71-A075-43EA-8BCD-D3D326B9910A} = {64EC9BA5-2D37-4E64-9BBE-5B5E71C50015}
		{0298F819-E081-440D-BC48-FF5F80568816} = {64EC9BA5-2D37-4E64-9BBE-5B5E71C50015}
		{95257185-7A6D-48E5-B032-2044914B8DA2} = {11CE781F-0862-4A0B-BB2D-F4289DB70BE8}
		{4335923F-C966-4E25-8DF0-B6A9A5B60A30} = {64EC9BA5-2D37-4E64-9BBE-5B5E71C50015}
		{FCC29449-16DE-46FD-9EB4-EB6744522C3A} = {7E9DCA1A-5313-48FD-9EC1-CDA61E0E090F}
	EndGlobalSection
EndGlobal
